
Microsoft Visual Studio Solution File, Format Version 12.00
# Visual Studio Version 16
VisualStudioVersion = 16.0.31729.503
MinimumVisualStudioVersion = 10.0.40219.1
Project("{9A19103F-16F7-4668-BE54-9A1E7A4F7556}") = "DataAccess", "DataAccess\DataAccess.csproj", "{FDCA857B-EA3C-41EB-8445-AC681C1CEFDB}"
EndProject
Project("{9A19103F-16F7-4668-BE54-9A1E7A4F7556}") = "Business", "Business\Business.csproj", "{D24538B6-E720-4DC4-B318-33E2DE764493}"
EndProject
Project("{9A19103F-16F7-4668-BE54-9A1E7A4F7556}") = "Entities", "Entities\Entities.csproj", "{6B31A073-4928-4A0E-A385-67A631479EDC}"
EndProject
Project("{9A19103F-16F7-4668-BE54-9A1E7A4F7556}") = "ConsoleUI", "ConsoleUI\ConsoleUI.csproj", "{3AC80ED8-53F9-4442-904F-834E8A425943}"
EndProject
Project("{9A19103F-16F7-4668-BE54-9A1E7A4F7556}") = "Core", "Core\Core.csproj", "{5BE86D8E-97E3-4577-AA31-4DB99703BE50}"
EndProject
Project("{FAE04EC0-301F-11D3-BF4B-00C04F79EFBC}") = "WebAPI", "WebAPI\WebAPI.csproj", "{3F1C204C-0D14-47C7-9E99-F11925CF8BE7}"
EndProject
Global
	GlobalSection(SolutionConfigurationPlatforms) = preSolution
		Debug|Any CPU = Debug|Any CPU
		Release|Any CPU = Release|Any CPU
	EndGlobalSection
	GlobalSection(ProjectConfigurationPlatforms) = postSolution
		{FDCA857B-EA3C-41EB-8445-AC681C1CEFDB}.Debug|Any CPU.ActiveCfg = Debug|Any CPU
		{FDCA857B-EA3C-41EB-8445-AC681C1CEFDB}.Debug|Any CPU.Build.0 = Debug|Any CPU
		{FDCA857B-EA3C-41EB-8445-AC681C1CEFDB}.Release|Any CPU.ActiveCfg = Release|Any CPU
		{FDCA857B-EA3C-41EB-8445-AC681C1CEFDB}.Release|Any CPU.Build.0 = Release|Any CPU
		{D24538B6-E720-4DC4-B318-33E2DE764493}.Debug|Any CPU.ActiveCfg = Debug|Any CPU
		{D24538B6-E720-4DC4-B318-33E2DE764493}.Debug|Any CPU.Build.0 = Debug|Any CPU
		{D24538B6-E720-4DC4-B318-33E2DE764493}.Release|Any CPU.ActiveCfg = Release|Any CPU
		{D24538B6-E720-4DC4-B318-33E2DE764493}.Release|Any CPU.Build.0 = Release|Any CPU
		{6B31A073-4928-4A0E-A385-67A631479EDC}.Debug|Any CPU.ActiveCfg = Debug|Any CPU
		{6B31A073-4928-4A0E-A385-67A631479EDC}.Debug|Any CPU.Build.0 = Debug|Any CPU
		{6B31A073-4928-4A0E-A385-67A631479EDC}.Release|Any CPU.ActiveCfg = Release|Any CPU
		{6B31A073-4928-4A0E-A385-67A631479EDC}.Release|Any CPU.Build.0 = Release|Any CPU
		{3AC80ED8-53F9-4442-904F-834E8A425943}.Debug|Any CPU.ActiveCfg = Debug|Any CPU
		{3AC80ED8-53F9-4442-904F-834E8A425943}.Debug|Any CPU.Build.0 = Debug|Any CPU
		{3AC80ED8-53F9-4442-904F-834E8A425943}.Release|Any CPU.ActiveCfg = Release|Any CPU
		{3AC80ED8-53F9-4442-904F-834E8A425943}.Release|Any CPU.Build.0 = Release|Any CPU
		{5BE86D8E-97E3-4577-AA31-4DB99703BE50}.Debug|Any CPU.ActiveCfg = Debug|Any CPU
		{5BE86D8E-97E3-4577-AA31-4DB99703BE50}.Debug|Any CPU.Build.0 = Debug|Any CPU
		{5BE86D8E-97E3-4577-AA31-4DB99703BE50}.Release|Any CPU.ActiveCfg = Release|Any CPU
		{5BE86D8E-97E3-4577-AA31-4DB99703BE50}.Release|Any CPU.Build.0 = Release|Any CPU
		{3F1C204C-0D14-47C7-9E99-F11925CF8BE7}.Debug|Any CPU.ActiveCfg = Debug|Any CPU
		{3F1C204C-0D14-47C7-9E99-F11925CF8BE7}.Debug|Any CPU.Build.0 = Debug|Any CPU
		{3F1C204C-0D14-47C7-9E99-F11925CF8BE7}.Release|Any CPU.ActiveCfg = Release|Any CPU
		{3F1C204C-0D14-47C7-9E99-F11925CF8BE7}.Release|Any CPU.Build.0 = Release|Any CPU
	EndGlobalSection
	GlobalSection(SolutionProperties) = preSolution
		HideSolutionNode = FALSE
	EndGlobalSection
	GlobalSection(ExtensibilityGlobals) = postSolution
		SolutionGuid = {01809180-2042-4C6F-AD1A-BC403763D179}
	EndGlobalSection
EndGlobal
